
Microsoft Visual Studio Solution File, Format Version 12.00
# Visual Studio Version 17
VisualStudioVersion = 17.0.31903.59
MinimumVisualStudioVersion = 10.0.40219.1
Project("{2150E333-8FDC-42A3-9474-1A3956D46DE8}") = "src", "src", "{7C21AA94-A73A-455A-A4E0-C38820803567}"
EndProject
Project("{9A19103F-16F7-4668-BE54-9A1E7A4F7556}") = "Gift.Domain", "src\Gift.Domain\Gift.Domain.csproj", "{B5838C51-3505-4315-A412-86797A298810}"
EndProject
Project("{9A19103F-16F7-4668-BE54-9A1E7A4F7556}") = "Gift.ApplicationService", "src\Gift.ApplicationService\Gift.ApplicationService.csproj", "{919FEE5E-8426-424B-B1D2-0F4E00469F68}"
EndProject
Project("{2150E333-8FDC-42A3-9474-1A3956D46DE8}") = "Examples", "Examples", "{C3F968F8-9463-456B-B5F6-DDA7DC235162}"
EndProject
Project("{9A19103F-16F7-4668-BE54-9A1E7A4F7556}") = "Example2", "Examples\Example2\Example2.csproj", "{E9E1D0D1-2542-43D5-BA0F-A17C5F19B4ED}"
EndProject
Project("{9A19103F-16F7-4668-BE54-9A1E7A4F7556}") = "Example3", "Examples\Example3\Example3.csproj", "{18D3A9C0-1542-4A4C-8542-0E09AA19703A}"
EndProject
Project("{9A19103F-16F7-4668-BE54-9A1E7A4F7556}") = "Example4", "Examples\Example4\Example4.csproj", "{FC8B52DA-3697-4E40-9577-9FA7DC79B17D}"
EndProject
Project("{9A19103F-16F7-4668-BE54-9A1E7A4F7556}") = "TestExample", "Examples\TestExample\TestExample.csproj", "{D65ED47A-717D-479A-B4C4-A8FFDA39EE57}"
EndProject
Project("{9A19103F-16F7-4668-BE54-9A1E7A4F7556}") = "Example1", "Examples\Example1\Example1.csproj", "{A1D24716-DD5E-46BE-BF69-9A4892DCF32C}"
EndProject
Project("{9A19103F-16F7-4668-BE54-9A1E7A4F7556}") = "Gift.Displayer", "src\Gift.Displayer\Gift.Displayer.csproj", "{1CDBB18A-31EB-4614-882F-19ACF8803235}"
EndProject
Project("{2150E333-8FDC-42A3-9474-1A3956D46DE8}") = "test", "test", "{BC827FA0-3DEB-41A7-B395-D44B0E6C39D8}"
EndProject
Project("{9A19103F-16F7-4668-BE54-9A1E7A4F7556}") = "Gift.XmlUiParser", "src\Gift.XmlUiParser\Gift.XmlUiParser.csproj", "{D80C7378-B301-4F09-860D-EC47F90622FE}"
EndProject
Project("{9A19103F-16F7-4668-BE54-9A1E7A4F7556}") = "Gift.Startup", "src\Gift.Startup\Gift.Startup.csproj", "{7879AB34-D1B9-4888-844B-606D790BC8A9}"
EndProject
Project("{9A19103F-16F7-4668-BE54-9A1E7A4F7556}") = "Gift.ConsoleMonitor", "src\Gift.ConsoleMonitor\Gift.ConsoleMonitor.csproj", "{E4B76D80-E451-41C4-98E9-3F16E3B225FD}"
EndProject
Project("{9A19103F-16F7-4668-BE54-9A1E7A4F7556}") = "Gift.KeyInteraction", "src\Gift.KeyInteraction\Gift.KeyInteraction.csproj", "{B64950F9-EB54-48BE-8D39-D8B495BA34DB}"
EndProject
Project("{9A19103F-16F7-4668-BE54-9A1E7A4F7556}") = "Gift.XmlUiParser.Tests", "test\Gift.XmlUiParser.Tests\Gift.XmlUiParser.Tests.csproj", "{F7A13202-8DC7-47D0-ABD7-DA5D7577383A}"
EndProject
Project("{FAE04EC0-301F-11D3-BF4B-00C04F79EFBC}") = "Gift.Displayer.Tests", "test\Gift.Displayer.Tests\Gift.Displayer.Tests.csproj", "{B362CFA7-A6C5-4240-A511-BE7A63885C55}"
EndProject
Project("{FAE04EC0-301F-11D3-BF4B-00C04F79EFBC}") = "Gift.ApplicationService.Tests", "test\Gift.ApplicationService.Tests\Gift.ApplicationService.Tests.csproj", "{A3D9D2AC-DFEE-4000-87E7-28D2BA52B219}"
EndProject
Project("{FAE04EC0-301F-11D3-BF4B-00C04F79EFBC}") = "Gift.Domain.Tests", "test\Gift.Domain.Tests\Gift.Domain.Tests.csproj", "{39E533D0-4A9C-49ED-B66F-4A2033C3B3AD}"
EndProject
Project("{FAE04EC0-301F-11D3-BF4B-00C04F79EFBC}") = "Gift.Repository.Tests", "test\Gift.Repository.Tests\Gift.Repository.Tests.csproj", "{E479DE91-DF09-4149-AB87-5EB020120033}"
EndProject
Global
	GlobalSection(SolutionConfigurationPlatforms) = preSolution
		Debug|Any CPU = Debug|Any CPU
		Release|Any CPU = Release|Any CPU
	EndGlobalSection
	GlobalSection(ProjectConfigurationPlatforms) = postSolution
		{B5838C51-3505-4315-A412-86797A298810}.Debug|Any CPU.ActiveCfg = Debug|Any CPU
		{B5838C51-3505-4315-A412-86797A298810}.Debug|Any CPU.Build.0 = Debug|Any CPU
		{B5838C51-3505-4315-A412-86797A298810}.Release|Any CPU.ActiveCfg = Release|Any CPU
		{B5838C51-3505-4315-A412-86797A298810}.Release|Any CPU.Build.0 = Release|Any CPU
		{919FEE5E-8426-424B-B1D2-0F4E00469F68}.Debug|Any CPU.ActiveCfg = Debug|Any CPU
		{919FEE5E-8426-424B-B1D2-0F4E00469F68}.Debug|Any CPU.Build.0 = Debug|Any CPU
		{919FEE5E-8426-424B-B1D2-0F4E00469F68}.Release|Any CPU.ActiveCfg = Release|Any CPU
		{919FEE5E-8426-424B-B1D2-0F4E00469F68}.Release|Any CPU.Build.0 = Release|Any CPU
		{E9E1D0D1-2542-43D5-BA0F-A17C5F19B4ED}.Debug|Any CPU.ActiveCfg = Debug|Any CPU
		{E9E1D0D1-2542-43D5-BA0F-A17C5F19B4ED}.Debug|Any CPU.Build.0 = Debug|Any CPU
		{E9E1D0D1-2542-43D5-BA0F-A17C5F19B4ED}.Release|Any CPU.ActiveCfg = Release|Any CPU
		{E9E1D0D1-2542-43D5-BA0F-A17C5F19B4ED}.Release|Any CPU.Build.0 = Release|Any CPU
		{18D3A9C0-1542-4A4C-8542-0E09AA19703A}.Debug|Any CPU.ActiveCfg = Debug|Any CPU
		{18D3A9C0-1542-4A4C-8542-0E09AA19703A}.Debug|Any CPU.Build.0 = Debug|Any CPU
		{18D3A9C0-1542-4A4C-8542-0E09AA19703A}.Release|Any CPU.ActiveCfg = Release|Any CPU
		{18D3A9C0-1542-4A4C-8542-0E09AA19703A}.Release|Any CPU.Build.0 = Release|Any CPU
		{FC8B52DA-3697-4E40-9577-9FA7DC79B17D}.Debug|Any CPU.ActiveCfg = Debug|Any CPU
		{FC8B52DA-3697-4E40-9577-9FA7DC79B17D}.Debug|Any CPU.Build.0 = Debug|Any CPU
		{FC8B52DA-3697-4E40-9577-9FA7DC79B17D}.Release|Any CPU.ActiveCfg = Release|Any CPU
		{FC8B52DA-3697-4E40-9577-9FA7DC79B17D}.Release|Any CPU.Build.0 = Release|Any CPU
		{D65ED47A-717D-479A-B4C4-A8FFDA39EE57}.Debug|Any CPU.ActiveCfg = Debug|Any CPU
		{D65ED47A-717D-479A-B4C4-A8FFDA39EE57}.Debug|Any CPU.Build.0 = Debug|Any CPU
		{D65ED47A-717D-479A-B4C4-A8FFDA39EE57}.Release|Any CPU.ActiveCfg = Release|Any CPU
		{D65ED47A-717D-479A-B4C4-A8FFDA39EE57}.Release|Any CPU.Build.0 = Release|Any CPU
		{A1D24716-DD5E-46BE-BF69-9A4892DCF32C}.Debug|Any CPU.ActiveCfg = Debug|Any CPU
		{A1D24716-DD5E-46BE-BF69-9A4892DCF32C}.Debug|Any CPU.Build.0 = Debug|Any CPU
		{A1D24716-DD5E-46BE-BF69-9A4892DCF32C}.Release|Any CPU.ActiveCfg = Release|Any CPU
		{A1D24716-DD5E-46BE-BF69-9A4892DCF32C}.Release|Any CPU.Build.0 = Release|Any CPU
		{1CDBB18A-31EB-4614-882F-19ACF8803235}.Debug|Any CPU.ActiveCfg = Debug|Any CPU
		{1CDBB18A-31EB-4614-882F-19ACF8803235}.Debug|Any CPU.Build.0 = Debug|Any CPU
		{1CDBB18A-31EB-4614-882F-19ACF8803235}.Release|Any CPU.ActiveCfg = Release|Any CPU
		{1CDBB18A-31EB-4614-882F-19ACF8803235}.Release|Any CPU.Build.0 = Release|Any CPU
		{D80C7378-B301-4F09-860D-EC47F90622FE}.Debug|Any CPU.ActiveCfg = Debug|Any CPU
		{D80C7378-B301-4F09-860D-EC47F90622FE}.Debug|Any CPU.Build.0 = Debug|Any CPU
		{D80C7378-B301-4F09-860D-EC47F90622FE}.Release|Any CPU.ActiveCfg = Release|Any CPU
		{D80C7378-B301-4F09-860D-EC47F90622FE}.Release|Any CPU.Build.0 = Release|Any CPU
		{7879AB34-D1B9-4888-844B-606D790BC8A9}.Debug|Any CPU.ActiveCfg = Debug|Any CPU
		{7879AB34-D1B9-4888-844B-606D790BC8A9}.Debug|Any CPU.Build.0 = Debug|Any CPU
		{7879AB34-D1B9-4888-844B-606D790BC8A9}.Release|Any CPU.ActiveCfg = Release|Any CPU
		{7879AB34-D1B9-4888-844B-606D790BC8A9}.Release|Any CPU.Build.0 = Release|Any CPU
		{E4B76D80-E451-41C4-98E9-3F16E3B225FD}.Debug|Any CPU.ActiveCfg = Debug|Any CPU
		{E4B76D80-E451-41C4-98E9-3F16E3B225FD}.Debug|Any CPU.Build.0 = Debug|Any CPU
		{E4B76D80-E451-41C4-98E9-3F16E3B225FD}.Release|Any CPU.ActiveCfg = Release|Any CPU
		{E4B76D80-E451-41C4-98E9-3F16E3B225FD}.Release|Any CPU.Build.0 = Release|Any CPU
		{B64950F9-EB54-48BE-8D39-D8B495BA34DB}.Debug|Any CPU.ActiveCfg = Debug|Any CPU
		{B64950F9-EB54-48BE-8D39-D8B495BA34DB}.Debug|Any CPU.Build.0 = Debug|Any CPU
		{B64950F9-EB54-48BE-8D39-D8B495BA34DB}.Release|Any CPU.ActiveCfg = Release|Any CPU
		{B64950F9-EB54-48BE-8D39-D8B495BA34DB}.Release|Any CPU.Build.0 = Release|Any CPU
		{F7A13202-8DC7-47D0-ABD7-DA5D7577383A}.Debug|Any CPU.ActiveCfg = Debug|Any CPU
		{F7A13202-8DC7-47D0-ABD7-DA5D7577383A}.Debug|Any CPU.Build.0 = Debug|Any CPU
		{F7A13202-8DC7-47D0-ABD7-DA5D7577383A}.Release|Any CPU.ActiveCfg = Release|Any CPU
		{F7A13202-8DC7-47D0-ABD7-DA5D7577383A}.Release|Any CPU.Build.0 = Release|Any CPU
		{B362CFA7-A6C5-4240-A511-BE7A63885C55}.Debug|Any CPU.ActiveCfg = Debug|Any CPU
		{B362CFA7-A6C5-4240-A511-BE7A63885C55}.Debug|Any CPU.Build.0 = Debug|Any CPU
		{B362CFA7-A6C5-4240-A511-BE7A63885C55}.Release|Any CPU.ActiveCfg = Release|Any CPU
		{B362CFA7-A6C5-4240-A511-BE7A63885C55}.Release|Any CPU.Build.0 = Release|Any CPU
		{A3D9D2AC-DFEE-4000-87E7-28D2BA52B219}.Debug|Any CPU.ActiveCfg = Debug|Any CPU
		{A3D9D2AC-DFEE-4000-87E7-28D2BA52B219}.Debug|Any CPU.Build.0 = Debug|Any CPU
		{A3D9D2AC-DFEE-4000-87E7-28D2BA52B219}.Release|Any CPU.ActiveCfg = Release|Any CPU
		{A3D9D2AC-DFEE-4000-87E7-28D2BA52B219}.Release|Any CPU.Build.0 = Release|Any CPU
		{39E533D0-4A9C-49ED-B66F-4A2033C3B3AD}.Debug|Any CPU.ActiveCfg = Debug|Any CPU
		{39E533D0-4A9C-49ED-B66F-4A2033C3B3AD}.Debug|Any CPU.Build.0 = Debug|Any CPU
		{39E533D0-4A9C-49ED-B66F-4A2033C3B3AD}.Release|Any CPU.ActiveCfg = Release|Any CPU
		{39E533D0-4A9C-49ED-B66F-4A2033C3B3AD}.Release|Any CPU.Build.0 = Release|Any CPU
		{E479DE91-DF09-4149-AB87-5EB020120033}.Debug|Any CPU.ActiveCfg = Debug|Any CPU
		{E479DE91-DF09-4149-AB87-5EB020120033}.Debug|Any CPU.Build.0 = Debug|Any CPU
		{E479DE91-DF09-4149-AB87-5EB020120033}.Release|Any CPU.ActiveCfg = Release|Any CPU
		{E479DE91-DF09-4149-AB87-5EB020120033}.Release|Any CPU.Build.0 = Release|Any CPU
	EndGlobalSection
	GlobalSection(SolutionProperties) = preSolution
		HideSolutionNode = FALSE
	EndGlobalSection
	GlobalSection(NestedProjects) = preSolution
		{B5838C51-3505-4315-A412-86797A298810} = {7C21AA94-A73A-455A-A4E0-C38820803567}
		{919FEE5E-8426-424B-B1D2-0F4E00469F68} = {7C21AA94-A73A-455A-A4E0-C38820803567}
		{E9E1D0D1-2542-43D5-BA0F-A17C5F19B4ED} = {C3F968F8-9463-456B-B5F6-DDA7DC235162}
		{18D3A9C0-1542-4A4C-8542-0E09AA19703A} = {C3F968F8-9463-456B-B5F6-DDA7DC235162}
		{FC8B52DA-3697-4E40-9577-9FA7DC79B17D} = {C3F968F8-9463-456B-B5F6-DDA7DC235162}
		{D65ED47A-717D-479A-B4C4-A8FFDA39EE57} = {C3F968F8-9463-456B-B5F6-DDA7DC235162}
		{A1D24716-DD5E-46BE-BF69-9A4892DCF32C} = {C3F968F8-9463-456B-B5F6-DDA7DC235162}
		{1CDBB18A-31EB-4614-882F-19ACF8803235} = {7C21AA94-A73A-455A-A4E0-C38820803567}
		{D80C7378-B301-4F09-860D-EC47F90622FE} = {7C21AA94-A73A-455A-A4E0-C38820803567}
		{7879AB34-D1B9-4888-844B-606D790BC8A9} = {7C21AA94-A73A-455A-A4E0-C38820803567}
		{E4B76D80-E451-41C4-98E9-3F16E3B225FD} = {7C21AA94-A73A-455A-A4E0-C38820803567}
		{B64950F9-EB54-48BE-8D39-D8B495BA34DB} = {7C21AA94-A73A-455A-A4E0-C38820803567}
		{F7A13202-8DC7-47D0-ABD7-DA5D7577383A} = {BC827FA0-3DEB-41A7-B395-D44B0E6C39D8}
		{B362CFA7-A6C5-4240-A511-BE7A63885C55} = {BC827FA0-3DEB-41A7-B395-D44B0E6C39D8}
		{A3D9D2AC-DFEE-4000-87E7-28D2BA52B219} = {BC827FA0-3DEB-41A7-B395-D44B0E6C39D8}
		{39E533D0-4A9C-49ED-B66F-4A2033C3B3AD} = {BC827FA0-3DEB-41A7-B395-D44B0E6C39D8}
		{E479DE91-DF09-4149-AB87-5EB020120033} = {BC827FA0-3DEB-41A7-B395-D44B0E6C39D8}
	EndGlobalSection
	GlobalSection(ExtensibilityGlobals) = postSolution
		SolutionGuid = {BE692D02-FB7D-458F-9551-4118B9F91122}
	EndGlobalSection
EndGlobal
